// !$*UTF8*$!
{
	archiveVersion = 1;
	classes = {
	};
	objectVersion = 50;
	objects = {

/* Begin PBXBuildFile section */
		18652A7B271DFFE100349370 /* AppDelegate.swift in Sources */ = {isa = PBXBuildFile; fileRef = 18652A7A271DFFE100349370 /* AppDelegate.swift */; };
		18652A7D271DFFE100349370 /* SceneDelegate.swift in Sources */ = {isa = PBXBuildFile; fileRef = 18652A7C271DFFE100349370 /* SceneDelegate.swift */; };
		18652A7F271DFFE100349370 /* ViewController.swift in Sources */ = {isa = PBXBuildFile; fileRef = 18652A7E271DFFE100349370 /* ViewController.swift */; };
		18652A82271DFFE100349370 /* Main.storyboard in Resources */ = {isa = PBXBuildFile; fileRef = 18652A80271DFFE100349370 /* Main.storyboard */; };
		18652A84271DFFE100349370 /* Assets.xcassets in Resources */ = {isa = PBXBuildFile; fileRef = 18652A83271DFFE100349370 /* Assets.xcassets */; };
		18652A87271DFFE100349370 /* LaunchScreen.storyboard in Resources */ = {isa = PBXBuildFile; fileRef = 18652A85271DFFE100349370 /* LaunchScreen.storyboard */; };
		189A7A18272DFE0B00CCD402 /* ViewModel.swift in Sources */ = {isa = PBXBuildFile; fileRef = 189A7A17272DFE0B00CCD402 /* ViewModel.swift */; };
		189A7A1B272DFE7000CCD402 /* QuestionModel.swift in Sources */ = {isa = PBXBuildFile; fileRef = 189A7A1A272DFE7000CCD402 /* QuestionModel.swift */; };
/* End PBXBuildFile section */

/* Begin PBXFileReference section */
		18652A77271DFFE100349370 /* Quiz11.app */ = {isa = PBXFileReference; explicitFileType = wrapper.application; includeInIndex = 0; path = Quiz11.app; sourceTree = BUILT_PRODUCTS_DIR; };
		18652A7A271DFFE100349370 /* AppDelegate.swift */ = {isa = PBXFileReference; lastKnownFileType = sourcecode.swift; path = AppDelegate.swift; sourceTree = "<group>"; };
		18652A7C271DFFE100349370 /* SceneDelegate.swift */ = {isa = PBXFileReference; lastKnownFileType = sourcecode.swift; path = SceneDelegate.swift; sourceTree = "<group>"; };
		18652A7E271DFFE100349370 /* ViewController.swift */ = {isa = PBXFileReference; lastKnownFileType = sourcecode.swift; path = ViewController.swift; sourceTree = "<group>"; };
		18652A81271DFFE100349370 /* Base */ = {isa = PBXFileReference; lastKnownFileType = file.storyboard; name = Base; path = Base.lproj/Main.storyboard; sourceTree = "<group>"; };
		18652A83271DFFE100349370 /* Assets.xcassets */ = {isa = PBXFileReference; lastKnownFileType = folder.assetcatalog; path = Assets.xcassets; sourceTree = "<group>"; };
		18652A86271DFFE100349370 /* Base */ = {isa = PBXFileReference; lastKnownFileType = file.storyboard; name = Base; path = Base.lproj/LaunchScreen.storyboard; sourceTree = "<group>"; };
		18652A88271DFFE100349370 /* Info.plist */ = {isa = PBXFileReference; lastKnownFileType = text.plist.xml; path = Info.plist; sourceTree = "<group>"; };
		189A7A17272DFE0B00CCD402 /* ViewModel.swift */ = {isa = PBXFileReference; lastKnownFileType = sourcecode.swift; path = ViewModel.swift; sourceTree = "<group>"; };
		189A7A1A272DFE7000CCD402 /* QuestionModel.swift */ = {isa = PBXFileReference; lastKnownFileType = sourcecode.swift; path = QuestionModel.swift; sourceTree = "<group>"; };
/* End PBXFileReference section */

/* Begin PBXFrameworksBuildPhase section */
		18652A74271DFFE100349370 /* Frameworks */ = {
			isa = PBXFrameworksBuildPhase;
			buildActionMask = 2147483647;
			files = (
			);
			runOnlyForDeploymentPostprocessing = 0;
		};
/* End PBXFrameworksBuildPhase section */

/* Begin PBXGroup section */
		18652A6E271DFFE100349370 = {
			isa = PBXGroup;
			children = (
				18652A79271DFFE100349370 /* Quiz11 */,
				18652A78271DFFE100349370 /* Products */,
			);
			sourceTree = "<group>";
		};
		18652A78271DFFE100349370 /* Products */ = {
			isa = PBXGroup;
			children = (
				18652A77271DFFE100349370 /* Quiz11.app */,
			);
			name = Products;
			sourceTree = "<group>";
		};
		18652A79271DFFE100349370 /* Quiz11 */ = {
			isa = PBXGroup;
			children = (
				18652A7A271DFFE100349370 /* AppDelegate.swift */,
				189A7A19272DFE1900CCD402 /* Models */,
				189A7A17272DFE0B00CCD402 /* ViewModel.swift */,
				18652A7C271DFFE100349370 /* SceneDelegate.swift */,
				18652A7E271DFFE100349370 /* ViewController.swift */,
				18652A80271DFFE100349370 /* Main.storyboard */,
				18652A83271DFFE100349370 /* Assets.xcassets */,
				18652A85271DFFE100349370 /* LaunchScreen.storyboard */,
				18652A88271DFFE100349370 /* Info.plist */,
			);
			path = Quiz11;
			sourceTree = "<group>";
		};
		189A7A19272DFE1900CCD402 /* Models */ = {
			isa = PBXGroup;
			children = (
				189A7A1A272DFE7000CCD402 /* QuestionModel.swift */,
			);
			path = Models;
			sourceTree = "<group>";
		};
/* End PBXGroup section */

/* Begin PBXNativeTarget section */
		18652A76271DFFE100349370 /* Quiz11 */ = {
			isa = PBXNativeTarget;
			buildConfigurationList = 18652A8B271DFFE100349370 /* Build configuration list for PBXNativeTarget "Quiz11" */;
			buildPhases = (
				18652A73271DFFE100349370 /* Sources */,
				18652A74271DFFE100349370 /* Frameworks */,
				18652A75271DFFE100349370 /* Resources */,
			);
			buildRules = (
			);
			dependencies = (
			);
			name = Quiz11;
			productName = Quiz11;
			productReference = 18652A77271DFFE100349370 /* Quiz11.app */;
			productType = "com.apple.product-type.application";
		};
/* End PBXNativeTarget section */

/* Begin PBXProject section */
		18652A6F271DFFE100349370 /* Project object */ = {
			isa = PBXProject;
			attributes = {
				LastSwiftUpdateCheck = 1250;
				LastUpgradeCheck = 1250;
				TargetAttributes = {
					18652A76271DFFE100349370 = {
						CreatedOnToolsVersion = 12.5;
					};
				};
			};
			buildConfigurationList = 18652A72271DFFE100349370 /* Build configuration list for PBXProject "Quiz11" */;
			compatibilityVersion = "Xcode 9.3";
			developmentRegion = en;
			hasScannedForEncodings = 0;
			knownRegions = (
				en,
				Base,
			);
			mainGroup = 18652A6E271DFFE100349370;
			productRefGroup = 18652A78271DFFE100349370 /* Products */;
			projectDirPath = "";
			projectRoot = "";
			targets = (
				18652A76271DFFE100349370 /* Quiz11 */,
			);
		};
/* End PBXProject section */

/* Begin PBXResourcesBuildPhase section */
		18652A75271DFFE100349370 /* Resources */ = {
			isa = PBXResourcesBuildPhase;
			buildActionMask = 2147483647;
			files = (
				18652A87271DFFE100349370 /* LaunchScreen.storyboard in Resources */,
				18652A84271DFFE100349370 /* Assets.xcassets in Resources */,
				18652A82271DFFE100349370 /* Main.storyboard in Resources */,
			);
			runOnlyForDeploymentPostprocessing = 0;
		};
/* End PBXResourcesBuildPhase section */

/* Begin PBXSourcesBuildPhase section */
		18652A73271DFFE100349370 /* Sources */ = {
			isa = PBXSourcesBuildPhase;
			buildActionMask = 2147483647;
			files = (
				18652A7F271DFFE100349370 /* ViewController.swift in Sources */,
				18652A7B271DFFE100349370 /* AppDelegate.swift in Sources */,
				189A7A18272DFE0B00CCD402 /* ViewModel.swift in Sources */,
				18652A7D271DFFE100349370 /* SceneDelegate.swift in Sources */,
				189A7A1B272DFE7000CCD402 /* QuestionModel.swift in Sources */,
			);
			runOnlyForDeploymentPostprocessing = 0;
		};
/* End PBXSourcesBuildPhase section */

/* Begin PBXVariantGroup section */
		18652A80271DFFE100349370 /* Main.storyboard */ = {
			isa = PBXVariantGroup;
			children = (
				18652A81271DFFE100349370 /* Base */,
			);
			name = Main.storyboard;
			sourceTree = "<group>";
		};
		18652A85271DFFE100349370 /* LaunchScreen.storyboard */ = {
			isa = PBXVariantGroup;
			children = (
				18652A86271DFFE100349370 /* Base */,
			);
			name = LaunchScreen.storyboard;
			sourceTree = "<group>";
		};
/* End PBXVariantGroup section */

/* Begin XCBuildConfiguration section */
		18652A89271DFFE100349370 /* Debug */ = {
			isa = XCBuildConfiguration;
			buildSettings = {
				ALWAYS_SEARCH_USER_PATHS = NO;
				CLANG_ANALYZER_NONNULL = YES;
				CLANG_ANALYZER_NUMBER_OBJECT_CONVERSION = YES_AGGRESSIVE;
				CLANG_CXX_LANGUAGE_STANDARD = "gnu++14";
				CLANG_CXX_LIBRARY = "libc++";
				CLANG_ENABLE_MODULES = YES;
				CLANG_ENABLE_OBJC_ARC = YES;
				CLANG_ENABLE_OBJC_WEAK = YES;
				CLANG_WARN_BLOCK_CAPTURE_AUTORELEASING = YES;
				CLANG_WARN_BOOL_CONVERSION = YES;
				CLANG_WARN_COMMA = YES;
				CLANG_WARN_CONSTANT_CONVERSION = YES;
				CLANG_WARN_DEPRECATED_OBJC_IMPLEMENTATIONS = YES;
				CLANG_WARN_DIRECT_OBJC_ISA_USAGE = YES_ERROR;
				CLANG_WARN_DOCUMENTATION_COMMENTS = YES;
				CLANG_WARN_EMPTY_BODY = YES;
				CLANG_WARN_ENUM_CONVERSION = YES;
				CLANG_WARN_INFINITE_RECURSION = YES;
				CLANG_WARN_INT_CONVERSION = YES;
				CLANG_WARN_NON_LITERAL_NULL_CONVERSION = YES;
				CLANG_WARN_OBJC_IMPLICIT_RETAIN_SELF = YES;
				CLANG_WARN_OBJC_LITERAL_CONVERSION = YES;
				CLANG_WARN_OBJC_ROOT_CLASS = YES_ERROR;
				CLANG_WARN_QUOTED_INCLUDE_IN_FRAMEWORK_HEADER = YES;
				CLANG_WARN_RANGE_LOOP_ANALYSIS = YES;
				CLANG_WARN_STRICT_PROTOTYPES = YES;
				CLANG_WARN_SUSPICIOUS_MOVE = YES;
				CLANG_WARN_UNGUARDED_AVAILABILITY = YES_AGGRESSIVE;
				CLANG_WARN_UNREACHABLE_CODE = YES;
				CLANG_WARN__DUPLICATE_METHOD_MATCH = YES;
				COPY_PHASE_STRIP = NO;
				DEBUG_INFORMATION_FORMAT = dwarf;
				ENABLE_STRICT_OBJC_MSGSEND = YES;
				ENABLE_TESTABILITY = YES;
				GCC_C_LANGUAGE_STANDARD = gnu11;
				GCC_DYNAMIC_NO_PIC = NO;
				GCC_NO_COMMON_BLOCKS = YES;
				GCC_OPTIMIZATION_LEVEL = 0;
				GCC_PREPROCESSOR_DEFINITIONS = (
					"DEBUG=1",
					"$(inherited)",
				);
				GCC_WARN_64_TO_32_BIT_CONVERSION = YES;
				GCC_WARN_ABOUT_RETURN_TYPE = YES_ERROR;
				GCC_WARN_UNDECLARED_SELECTOR = YES;
				GCC_WARN_UNINITIALIZED_AUTOS = YES_AGGRESSIVE;
				GCC_WARN_UNUSED_FUNCTION = YES;
				GCC_WARN_UNUSED_VARIABLE = YES;
				IPHONEOS_DEPLOYMENT_TARGET = 14.5;
				MTL_ENABLE_DEBUG_INFO = INCLUDE_SOURCE;
				MTL_FAST_MATH = YES;
				ONLY_ACTIVE_ARCH = YES;
				SDKROOT = iphoneos;
				SWIFT_ACTIVE_COMPILATION_CONDITIONS = DEBUG;
				SWIFT_OPTIMIZATION_LEVEL = "-Onone";
			};
			name = Debug;
		};
		18652A8A271DFFE100349370 /* Release */ = {
			isa = XCBuildConfiguration;
			buildSettings = {
				ALWAYS_SEARCH_USER_PATHS = NO;
				CLANG_ANALYZER_NONNULL = YES;
				CLANG_ANALYZER_NUMBER_OBJECT_CONVERSION = YES_AGGRESSIVE;
				CLANG_CXX_LANGUAGE_STANDARD = "gnu++14";
				CLANG_CXX_LIBRARY = "libc++";
				CLANG_ENABLE_MODULES = YES;
				CLANG_ENABLE_OBJC_ARC = YES;
				CLANG_ENABLE_OBJC_WEAK = YES;
				CLANG_WARN_BLOCK_CAPTURE_AUTORELEASING = YES;
				CLANG_WARN_BOOL_CONVERSION = YES;
				CLANG_WARN_COMMA = YES;
				CLANG_WARN_CONSTANT_CONVERSION = YES;
				CLANG_WARN_DEPRECATED_OBJC_IMPLEMENTATIONS = YES;
				CLANG_WARN_DIRECT_OBJC_ISA_USAGE = YES_ERROR;
				CLANG_WARN_DOCUMENTATION_COMMENTS = YES;
				CLANG_WARN_EMPTY_BODY = YES;
				CLANG_WARN_ENUM_CONVERSION = YES;
				CLANG_WARN_INFINITE_RECURSION = YES;
				CLANG_WARN_INT_CONVERSION = YES;
				CLANG_WARN_NON_LITERAL_NULL_CONVERSION = YES;
				CLANG_WARN_OBJC_IMPLICIT_RETAIN_SELF = YES;
				CLANG_WARN_OBJC_LITERAL_CONVERSION = YES;
				CLANG_WARN_OBJC_ROOT_CLASS = YES_ERROR;
				CLANG_WARN_QUOTED_INCLUDE_IN_FRAMEWORK_HEADER = YES;
				CLANG_WARN_RANGE_LOOP_ANALYSIS = YES;
				CLANG_WARN_STRICT_PROTOTYPES = YES;
				CLANG_WARN_SUSPICIOUS_MOVE = YES;
				CLANG_WARN_UNGUARDED_AVAILABILITY = YES_AGGRESSIVE;
				CLANG_WARN_UNREACHABLE_CODE = YES;
				CLANG_WARN__DUPLICATE_METHOD_MATCH = YES;
				COPY_PHASE_STRIP = NO;
				DEBUG_INFORMATION_FORMAT = "dwarf-with-dsym";
				ENABLE_NS_ASSERTIONS = NO;
				ENABLE_STRICT_OBJC_MSGSEND = YES;
				GCC_C_LANGUAGE_STANDARD = gnu11;
				GCC_NO_COMMON_BLOCKS = YES;
				GCC_WARN_64_TO_32_BIT_CONVERSION = YES;
				GCC_WARN_ABOUT_RETURN_TYPE = YES_ERROR;
				GCC_WARN_UNDECLARED_SELECTOR = YES;
				GCC_WARN_UNINITIALIZED_AUTOS = YES_AGGRESSIVE;
				GCC_WARN_UNUSED_FUNCTION = YES;
				GCC_WARN_UNUSED_VARIABLE = YES;
				IPHONEOS_DEPLOYMENT_TARGET = 14.5;
				MTL_ENABLE_DEBUG_INFO = NO;
				MTL_FAST_MATH = YES;
				SDKROOT = iphoneos;
				SWIFT_COMPILATION_MODE = wholemodule;
				SWIFT_OPTIMIZATION_LEVEL = "-O";
				VALIDATE_PRODUCT = YES;
			};
			name = Release;
		};
		18652A8C271DFFE100349370 /* Debug */ = {
			isa = XCBuildConfiguration;
			buildSettings = {
				ASSETCATALOG_COMPILER_APPICON_NAME = AppIcon;
				ASSETCATALOG_COMPILER_GLOBAL_ACCENT_COLOR_NAME = AccentColor;
				CODE_SIGN_STYLE = Automatic;
				INFOPLIST_FILE = Quiz11/Info.plist;
				LD_RUNPATH_SEARCH_PATHS = (
					"$(inherited)",
					"@executable_path/Frameworks",
				);
				PRODUCT_BUNDLE_IDENTIFIER = com.nadaalbalawi.Quiz11;
				PRODUCT_NAME = "$(TARGET_NAME)";
				SWIFT_VERSION = 5.0;
				TARGETED_DEVICE_FAMILY = "1,2";
			};
			name = Debug;
		};
		18652A8D271DFFE100349370 /* Release */ = {
			isa = XCBuildConfiguration;
			buildSettings = {
				ASSETCATALOG_COMPILER_APPICON_NAME = AppIcon;
				ASSETCATALOG_COMPILER_GLOBAL_ACCENT_COLOR_NAME = AccentColor;
				CODE_SIGN_STYLE = Automatic;
				INFOPLIST_FILE = Quiz11/Info.plist;
				LD_RUNPATH_SEARCH_PATHS = (
					"$(inherited)",
					"@executable_path/Frameworks",
				);
				PRODUCT_BUNDLE_IDENTIFIER = com.nadaalbalawi.Quiz11;
				PRODUCT_NAME = "$(TARGET_NAME)";
				SWIFT_VERSION = 5.0;
				TARGETED_DEVICE_FAMILY = "1,2";
			};
			name = Release;
		};
/* End XCBuildConfiguration section */

/* Begin XCConfigurationList section */
		18652A72271DFFE100349370 /* Build configuration list for PBXProject "Quiz11" */ = {
			isa = XCConfigurationList;
			buildConfigurations = (
				18652A89271DFFE100349370 /* Debug */,
				18652A8A271DFFE100349370 /* Release */,
			);
			defaultConfigurationIsVisible = 0;
			defaultConfigurationName = Release;
		};
		18652A8B271DFFE100349370 /* Build configuration list for PBXNativeTarget "Quiz11" */ = {
			isa = XCConfigurationList;
			buildConfigurations = (
				18652A8C271DFFE100349370 /* Debug */,
				18652A8D271DFFE100349370 /* Release */,
			);
			defaultConfigurationIsVisible = 0;
			defaultConfigurationName = Release;
		};
/* End XCConfigurationList section */
	};
	rootObject = 18652A6F271DFFE100349370 /* Project object */;
}
