// !$*UTF8*$!
{
	archiveVersion = 1;
	classes = {
	};
	objectVersion = 50;
	objects = {

/* Begin PBXBuildFile section */
		00256DF3272854C400599DBC /* Question.swift in Sources */ = {isa = PBXBuildFile; fileRef = 00256DF2272854C400599DBC /* Question.swift */; };
		00256DF52728559A00599DBC /* QuizQuestion.swift in Sources */ = {isa = PBXBuildFile; fileRef = 00256DF42728559A00599DBC /* QuizQuestion.swift */; };
		00293D58271D81FE002FE094 /* AppDelegate.swift in Sources */ = {isa = PBXBuildFile; fileRef = 00293D57271D81FE002FE094 /* AppDelegate.swift */; };
		00293D5A271D81FE002FE094 /* SceneDelegate.swift in Sources */ = {isa = PBXBuildFile; fileRef = 00293D59271D81FE002FE094 /* SceneDelegate.swift */; };
		00293D5C271D81FE002FE094 /* ViewController.swift in Sources */ = {isa = PBXBuildFile; fileRef = 00293D5B271D81FE002FE094 /* ViewController.swift */; };
		00293D5F271D81FE002FE094 /* Main.storyboard in Resources */ = {isa = PBXBuildFile; fileRef = 00293D5D271D81FE002FE094 /* Main.storyboard */; };
		00293D61271D81FF002FE094 /* Assets.xcassets in Resources */ = {isa = PBXBuildFile; fileRef = 00293D60271D81FF002FE094 /* Assets.xcassets */; };
		00293D64271D81FF002FE094 /* LaunchScreen.storyboard in Resources */ = {isa = PBXBuildFile; fileRef = 00293D62271D81FF002FE094 /* LaunchScreen.storyboard */; };
/* End PBXBuildFile section */

/* Begin PBXFileReference section */
		00256DF2272854C400599DBC /* Question.swift */ = {isa = PBXFileReference; lastKnownFileType = sourcecode.swift; path = Question.swift; sourceTree = "<group>"; };
		00256DF42728559A00599DBC /* QuizQuestion.swift */ = {isa = PBXFileReference; lastKnownFileType = sourcecode.swift; path = QuizQuestion.swift; sourceTree = "<group>"; };
		00293D54271D81FE002FE094 /* TrivialSingleChoice.app */ = {isa = PBXFileReference; explicitFileType = wrapper.application; includeInIndex = 0; path = TrivialSingleChoice.app; sourceTree = BUILT_PRODUCTS_DIR; };
		00293D57271D81FE002FE094 /* AppDelegate.swift */ = {isa = PBXFileReference; lastKnownFileType = sourcecode.swift; path = AppDelegate.swift; sourceTree = "<group>"; };
		00293D59271D81FE002FE094 /* SceneDelegate.swift */ = {isa = PBXFileReference; lastKnownFileType = sourcecode.swift; path = SceneDelegate.swift; sourceTree = "<group>"; };
		00293D5B271D81FE002FE094 /* ViewController.swift */ = {isa = PBXFileReference; lastKnownFileType = sourcecode.swift; path = ViewController.swift; sourceTree = "<group>"; };
		00293D5E271D81FE002FE094 /* Base */ = {isa = PBXFileReference; lastKnownFileType = file.storyboard; name = Base; path = Base.lproj/Main.storyboard; sourceTree = "<group>"; };
		00293D60271D81FF002FE094 /* Assets.xcassets */ = {isa = PBXFileReference; lastKnownFileType = folder.assetcatalog; path = Assets.xcassets; sourceTree = "<group>"; };
		00293D63271D81FF002FE094 /* Base */ = {isa = PBXFileReference; lastKnownFileType = file.storyboard; name = Base; path = Base.lproj/LaunchScreen.storyboard; sourceTree = "<group>"; };
		00293D65271D81FF002FE094 /* Info.plist */ = {isa = PBXFileReference; lastKnownFileType = text.plist.xml; path = Info.plist; sourceTree = "<group>"; };
/* End PBXFileReference section */

/* Begin PBXFrameworksBuildPhase section */
		00293D51271D81FE002FE094 /* Frameworks */ = {
			isa = PBXFrameworksBuildPhase;
			buildActionMask = 2147483647;
			files = (
			);
			runOnlyForDeploymentPostprocessing = 0;
		};
/* End PBXFrameworksBuildPhase section */

/* Begin PBXGroup section */
		00256DF12728545100599DBC /* Model */ = {
			isa = PBXGroup;
			children = (
				00256DF42728559A00599DBC /* QuizQuestion.swift */,
				00256DF2272854C400599DBC /* Question.swift */,
			);
			path = Model;
			sourceTree = "<group>";
		};
		00293D4B271D81FE002FE094 = {
			isa = PBXGroup;
			children = (
				00256DF12728545100599DBC /* Model */,
				00293D56271D81FE002FE094 /* TrivialSingleChoice */,
				00293D55271D81FE002FE094 /* Products */,
			);
			sourceTree = "<group>";
		};
		00293D55271D81FE002FE094 /* Products */ = {
			isa = PBXGroup;
			children = (
				00293D54271D81FE002FE094 /* TrivialSingleChoice.app */,
			);
			name = Products;
			sourceTree = "<group>";
		};
		00293D56271D81FE002FE094 /* TrivialSingleChoice */ = {
			isa = PBXGroup;
			children = (
				00293D57271D81FE002FE094 /* AppDelegate.swift */,
				00293D59271D81FE002FE094 /* SceneDelegate.swift */,
				00293D5B271D81FE002FE094 /* ViewController.swift */,
				00293D5D271D81FE002FE094 /* Main.storyboard */,
				00293D60271D81FF002FE094 /* Assets.xcassets */,
				00293D62271D81FF002FE094 /* LaunchScreen.storyboard */,
				00293D65271D81FF002FE094 /* Info.plist */,
			);
			path = TrivialSingleChoice;
			sourceTree = "<group>";
		};
/* End PBXGroup section */

/* Begin PBXNativeTarget section */
		00293D53271D81FE002FE094 /* TrivialSingleChoice */ = {
			isa = PBXNativeTarget;
			buildConfigurationList = 00293D68271D81FF002FE094 /* Build configuration list for PBXNativeTarget "TrivialSingleChoice" */;
			buildPhases = (
				00293D50271D81FE002FE094 /* Sources */,
				00293D51271D81FE002FE094 /* Frameworks */,
				00293D52271D81FE002FE094 /* Resources */,
			);
			buildRules = (
			);
			dependencies = (
			);
			name = TrivialSingleChoice;
			productName = TrivialSingleChoice;
			productReference = 00293D54271D81FE002FE094 /* TrivialSingleChoice.app */;
			productType = "com.apple.product-type.application";
		};
/* End PBXNativeTarget section */

/* Begin PBXProject section */
		00293D4C271D81FE002FE094 /* Project object */ = {
			isa = PBXProject;
			attributes = {
				LastSwiftUpdateCheck = 1250;
				LastUpgradeCheck = 1250;
				TargetAttributes = {
					00293D53271D81FE002FE094 = {
						CreatedOnToolsVersion = 12.5;
					};
				};
			};
			buildConfigurationList = 00293D4F271D81FE002FE094 /* Build configuration list for PBXProject "TrivialSingleChoice" */;
			compatibilityVersion = "Xcode 9.3";
			developmentRegion = en;
			hasScannedForEncodings = 0;
			knownRegions = (
				en,
				Base,
			);
			mainGroup = 00293D4B271D81FE002FE094;
			productRefGroup = 00293D55271D81FE002FE094 /* Products */;
			projectDirPath = "";
			projectRoot = "";
			targets = (
				00293D53271D81FE002FE094 /* TrivialSingleChoice */,
			);
		};
/* End PBXProject section */

/* Begin PBXResourcesBuildPhase section */
		00293D52271D81FE002FE094 /* Resources */ = {
			isa = PBXResourcesBuildPhase;
			buildActionMask = 2147483647;
			files = (
				00293D64271D81FF002FE094 /* LaunchScreen.storyboard in Resources */,
				00293D61271D81FF002FE094 /* Assets.xcassets in Resources */,
				00293D5F271D81FE002FE094 /* Main.storyboard in Resources */,
			);
			runOnlyForDeploymentPostprocessing = 0;
		};
/* End PBXResourcesBuildPhase section */

/* Begin PBXSourcesBuildPhase section */
		00293D50271D81FE002FE094 /* Sources */ = {
			isa = PBXSourcesBuildPhase;
			buildActionMask = 2147483647;
			files = (
				00293D5C271D81FE002FE094 /* ViewController.swift in Sources */,
				00256DF3272854C400599DBC /* Question.swift in Sources */,
				00293D58271D81FE002FE094 /* AppDelegate.swift in Sources */,
				00293D5A271D81FE002FE094 /* SceneDelegate.swift in Sources */,
				00256DF52728559A00599DBC /* QuizQuestion.swift in Sources */,
			);
			runOnlyForDeploymentPostprocessing = 0;
		};
/* End PBXSourcesBuildPhase section */

/* Begin PBXVariantGroup section */
		00293D5D271D81FE002FE094 /* Main.storyboard */ = {
			isa = PBXVariantGroup;
			children = (
				00293D5E271D81FE002FE094 /* Base */,
			);
			name = Main.storyboard;
			sourceTree = "<group>";
		};
		00293D62271D81FF002FE094 /* LaunchScreen.storyboard */ = {
			isa = PBXVariantGroup;
			children = (
				00293D63271D81FF002FE094 /* Base */,
			);
			name = LaunchScreen.storyboard;
			sourceTree = "<group>";
		};
/* End PBXVariantGroup section */

/* Begin XCBuildConfiguration section */
		00293D66271D81FF002FE094 /* Debug */ = {
			isa = XCBuildConfiguration;
			buildSettings = {
				ALWAYS_SEARCH_USER_PATHS = NO;
				CLANG_ANALYZER_NONNULL = YES;
				CLANG_ANALYZER_NUMBER_OBJECT_CONVERSION = YES_AGGRESSIVE;
				CLANG_CXX_LANGUAGE_STANDARD = "gnu++14";
				CLANG_CXX_LIBRARY = "libc++";
				CLANG_ENABLE_MODULES = YES;
				CLANG_ENABLE_OBJC_ARC = YES;
				CLANG_ENABLE_OBJC_WEAK = YES;
				CLANG_WARN_BLOCK_CAPTURE_AUTORELEASING = YES;
				CLANG_WARN_BOOL_CONVERSION = YES;
				CLANG_WARN_COMMA = YES;
				CLANG_WARN_CONSTANT_CONVERSION = YES;
				CLANG_WARN_DEPRECATED_OBJC_IMPLEMENTATIONS = YES;
				CLANG_WARN_DIRECT_OBJC_ISA_USAGE = YES_ERROR;
				CLANG_WARN_DOCUMENTATION_COMMENTS = YES;
				CLANG_WARN_EMPTY_BODY = YES;
				CLANG_WARN_ENUM_CONVERSION = YES;
				CLANG_WARN_INFINITE_RECURSION = YES;
				CLANG_WARN_INT_CONVERSION = YES;
				CLANG_WARN_NON_LITERAL_NULL_CONVERSION = YES;
				CLANG_WARN_OBJC_IMPLICIT_RETAIN_SELF = YES;
				CLANG_WARN_OBJC_LITERAL_CONVERSION = YES;
				CLANG_WARN_OBJC_ROOT_CLASS = YES_ERROR;
				CLANG_WARN_QUOTED_INCLUDE_IN_FRAMEWORK_HEADER = YES;
				CLANG_WARN_RANGE_LOOP_ANALYSIS = YES;
				CLANG_WARN_STRICT_PROTOTYPES = YES;
				CLANG_WARN_SUSPICIOUS_MOVE = YES;
				CLANG_WARN_UNGUARDED_AVAILABILITY = YES_AGGRESSIVE;
				CLANG_WARN_UNREACHABLE_CODE = YES;
				CLANG_WARN__DUPLICATE_METHOD_MATCH = YES;
				COPY_PHASE_STRIP = NO;
				DEBUG_INFORMATION_FORMAT = dwarf;
				ENABLE_STRICT_OBJC_MSGSEND = YES;
				ENABLE_TESTABILITY = YES;
				GCC_C_LANGUAGE_STANDARD = gnu11;
				GCC_DYNAMIC_NO_PIC = NO;
				GCC_NO_COMMON_BLOCKS = YES;
				GCC_OPTIMIZATION_LEVEL = 0;
				GCC_PREPROCESSOR_DEFINITIONS = (
					"DEBUG=1",
					"$(inherited)",
				);
				GCC_WARN_64_TO_32_BIT_CONVERSION = YES;
				GCC_WARN_ABOUT_RETURN_TYPE = YES_ERROR;
				GCC_WARN_UNDECLARED_SELECTOR = YES;
				GCC_WARN_UNINITIALIZED_AUTOS = YES_AGGRESSIVE;
				GCC_WARN_UNUSED_FUNCTION = YES;
				GCC_WARN_UNUSED_VARIABLE = YES;
				IPHONEOS_DEPLOYMENT_TARGET = 14.5;
				MTL_ENABLE_DEBUG_INFO = INCLUDE_SOURCE;
				MTL_FAST_MATH = YES;
				ONLY_ACTIVE_ARCH = YES;
				SDKROOT = iphoneos;
				SWIFT_ACTIVE_COMPILATION_CONDITIONS = DEBUG;
				SWIFT_OPTIMIZATION_LEVEL = "-Onone";
			};
			name = Debug;
		};
		00293D67271D81FF002FE094 /* Release */ = {
			isa = XCBuildConfiguration;
			buildSettings = {
				ALWAYS_SEARCH_USER_PATHS = NO;
				CLANG_ANALYZER_NONNULL = YES;
				CLANG_ANALYZER_NUMBER_OBJECT_CONVERSION = YES_AGGRESSIVE;
				CLANG_CXX_LANGUAGE_STANDARD = "gnu++14";
				CLANG_CXX_LIBRARY = "libc++";
				CLANG_ENABLE_MODULES = YES;
				CLANG_ENABLE_OBJC_ARC = YES;
				CLANG_ENABLE_OBJC_WEAK = YES;
				CLANG_WARN_BLOCK_CAPTURE_AUTORELEASING = YES;
				CLANG_WARN_BOOL_CONVERSION = YES;
				CLANG_WARN_COMMA = YES;
				CLANG_WARN_CONSTANT_CONVERSION = YES;
				CLANG_WARN_DEPRECATED_OBJC_IMPLEMENTATIONS = YES;
				CLANG_WARN_DIRECT_OBJC_ISA_USAGE = YES_ERROR;
				CLANG_WARN_DOCUMENTATION_COMMENTS = YES;
				CLANG_WARN_EMPTY_BODY = YES;
				CLANG_WARN_ENUM_CONVERSION = YES;
				CLANG_WARN_INFINITE_RECURSION = YES;
				CLANG_WARN_INT_CONVERSION = YES;
				CLANG_WARN_NON_LITERAL_NULL_CONVERSION = YES;
				CLANG_WARN_OBJC_IMPLICIT_RETAIN_SELF = YES;
				CLANG_WARN_OBJC_LITERAL_CONVERSION = YES;
				CLANG_WARN_OBJC_ROOT_CLASS = YES_ERROR;
				CLANG_WARN_QUOTED_INCLUDE_IN_FRAMEWORK_HEADER = YES;
				CLANG_WARN_RANGE_LOOP_ANALYSIS = YES;
				CLANG_WARN_STRICT_PROTOTYPES = YES;
				CLANG_WARN_SUSPICIOUS_MOVE = YES;
				CLANG_WARN_UNGUARDED_AVAILABILITY = YES_AGGRESSIVE;
				CLANG_WARN_UNREACHABLE_CODE = YES;
				CLANG_WARN__DUPLICATE_METHOD_MATCH = YES;
				COPY_PHASE_STRIP = NO;
				DEBUG_INFORMATION_FORMAT = "dwarf-with-dsym";
				ENABLE_NS_ASSERTIONS = NO;
				ENABLE_STRICT_OBJC_MSGSEND = YES;
				GCC_C_LANGUAGE_STANDARD = gnu11;
				GCC_NO_COMMON_BLOCKS = YES;
				GCC_WARN_64_TO_32_BIT_CONVERSION = YES;
				GCC_WARN_ABOUT_RETURN_TYPE = YES_ERROR;
				GCC_WARN_UNDECLARED_SELECTOR = YES;
				GCC_WARN_UNINITIALIZED_AUTOS = YES_AGGRESSIVE;
				GCC_WARN_UNUSED_FUNCTION = YES;
				GCC_WARN_UNUSED_VARIABLE = YES;
				IPHONEOS_DEPLOYMENT_TARGET = 14.5;
				MTL_ENABLE_DEBUG_INFO = NO;
				MTL_FAST_MATH = YES;
				SDKROOT = iphoneos;
				SWIFT_COMPILATION_MODE = wholemodule;
				SWIFT_OPTIMIZATION_LEVEL = "-O";
				VALIDATE_PRODUCT = YES;
			};
			name = Release;
		};
		00293D69271D81FF002FE094 /* Debug */ = {
			isa = XCBuildConfiguration;
			buildSettings = {
				ASSETCATALOG_COMPILER_APPICON_NAME = AppIcon;
				ASSETCATALOG_COMPILER_GLOBAL_ACCENT_COLOR_NAME = AccentColor;
				CODE_SIGN_STYLE = Automatic;
				DEVELOPMENT_TEAM = U95YF74XMG;
				INFOPLIST_FILE = TrivialSingleChoice/Info.plist;
				LD_RUNPATH_SEARCH_PATHS = (
					"$(inherited)",
					"@executable_path/Frameworks",
				);
				PRODUCT_BUNDLE_IDENTIFIER = com.areej.TrivialSingleChoice;
				PRODUCT_NAME = "$(TARGET_NAME)";
				SWIFT_VERSION = 5.0;
				TARGETED_DEVICE_FAMILY = "1,2";
			};
			name = Debug;
		};
		00293D6A271D81FF002FE094 /* Release */ = {
			isa = XCBuildConfiguration;
			buildSettings = {
				ASSETCATALOG_COMPILER_APPICON_NAME = AppIcon;
				ASSETCATALOG_COMPILER_GLOBAL_ACCENT_COLOR_NAME = AccentColor;
				CODE_SIGN_STYLE = Automatic;
				DEVELOPMENT_TEAM = U95YF74XMG;
				INFOPLIST_FILE = TrivialSingleChoice/Info.plist;
				LD_RUNPATH_SEARCH_PATHS = (
					"$(inherited)",
					"@executable_path/Frameworks",
				);
				PRODUCT_BUNDLE_IDENTIFIER = com.areej.TrivialSingleChoice;
				PRODUCT_NAME = "$(TARGET_NAME)";
				SWIFT_VERSION = 5.0;
				TARGETED_DEVICE_FAMILY = "1,2";
			};
			name = Release;
		};
/* End XCBuildConfiguration section */

/* Begin XCConfigurationList section */
		00293D4F271D81FE002FE094 /* Build configuration list for PBXProject "TrivialSingleChoice" */ = {
			isa = XCConfigurationList;
			buildConfigurations = (
				00293D66271D81FF002FE094 /* Debug */,
				00293D67271D81FF002FE094 /* Release */,
			);
			defaultConfigurationIsVisible = 0;
			defaultConfigurationName = Release;
		};
		00293D68271D81FF002FE094 /* Build configuration list for PBXNativeTarget "TrivialSingleChoice" */ = {
			isa = XCConfigurationList;
			buildConfigurations = (
				00293D69271D81FF002FE094 /* Debug */,
				00293D6A271D81FF002FE094 /* Release */,
			);
			defaultConfigurationIsVisible = 0;
			defaultConfigurationName = Release;
		};
/* End XCConfigurationList section */
	};
	rootObject = 00293D4C271D81FE002FE094 /* Project object */;
}
