// !$*UTF8*$!
{
	archiveVersion = 1;
	classes = {
	};
	objectVersion = 50;
	objects = {

/* Begin PBXBuildFile section */
		B83329E8271DFD18006B70B7 /* AppDelegate.swift in Sources */ = {isa = PBXBuildFile; fileRef = B83329E7271DFD18006B70B7 /* AppDelegate.swift */; };
		B83329EA271DFD18006B70B7 /* SceneDelegate.swift in Sources */ = {isa = PBXBuildFile; fileRef = B83329E9271DFD18006B70B7 /* SceneDelegate.swift */; };
		B83329EC271DFD18006B70B7 /* ViewController.swift in Sources */ = {isa = PBXBuildFile; fileRef = B83329EB271DFD18006B70B7 /* ViewController.swift */; };
		B83329F1271DFD19006B70B7 /* Assets.xcassets in Resources */ = {isa = PBXBuildFile; fileRef = B83329F0271DFD19006B70B7 /* Assets.xcassets */; };
		B83329F4271DFD19006B70B7 /* LaunchScreen.storyboard in Resources */ = {isa = PBXBuildFile; fileRef = B83329F2271DFD19006B70B7 /* LaunchScreen.storyboard */; };
		B83329FC271DFD34006B70B7 /* Main.storyboard in Resources */ = {isa = PBXBuildFile; fileRef = B83329FB271DFD34006B70B7 /* Main.storyboard */; };
		B83329FE271E036F006B70B7 /* Question.swift in Sources */ = {isa = PBXBuildFile; fileRef = B83329FD271E036F006B70B7 /* Question.swift */; };
		B8332A00271E0637006B70B7 /* QuestionBank.swift in Sources */ = {isa = PBXBuildFile; fileRef = B83329FF271E0637006B70B7 /* QuestionBank.swift */; };
		B8332A02271E7ECD006B70B7 /* MainViewController.swift in Sources */ = {isa = PBXBuildFile; fileRef = B8332A01271E7ECD006B70B7 /* MainViewController.swift */; };
		B8332A04271E8154006B70B7 /* GradientColor.swift in Sources */ = {isa = PBXBuildFile; fileRef = B8332A03271E8154006B70B7 /* GradientColor.swift */; };
		B8332A06271EAF51006B70B7 /* HeartsViewController.swift in Sources */ = {isa = PBXBuildFile; fileRef = B8332A05271EAF51006B70B7 /* HeartsViewController.swift */; };
		B892F746271F6C9400E59FF4 /* AlertViewController.swift in Sources */ = {isa = PBXBuildFile; fileRef = B892F745271F6C9400E59FF4 /* AlertViewController.swift */; };
		B8C8A282271FF6D300B80B03 /* Correct.mp3 in Resources */ = {isa = PBXBuildFile; fileRef = B8C8A281271FF6D300B80B03 /* Correct.mp3 */; };
		B8C8A284271FF6D800B80B03 /* Incorrect.mp3 in Resources */ = {isa = PBXBuildFile; fileRef = B8C8A283271FF6D700B80B03 /* Incorrect.mp3 */; };
		B8D35567271EBF6000568961 /* SideMenuViewController.swift in Sources */ = {isa = PBXBuildFile; fileRef = B8D35566271EBF6000568961 /* SideMenuViewController.swift */; };
/* End PBXBuildFile section */

/* Begin PBXFileReference section */
		B83329E4271DFD18006B70B7 /* TriviaStingChoice.app */ = {isa = PBXFileReference; explicitFileType = wrapper.application; includeInIndex = 0; path = TriviaStingChoice.app; sourceTree = BUILT_PRODUCTS_DIR; };
		B83329E7271DFD18006B70B7 /* AppDelegate.swift */ = {isa = PBXFileReference; lastKnownFileType = sourcecode.swift; path = AppDelegate.swift; sourceTree = "<group>"; };
		B83329E9271DFD18006B70B7 /* SceneDelegate.swift */ = {isa = PBXFileReference; lastKnownFileType = sourcecode.swift; path = SceneDelegate.swift; sourceTree = "<group>"; };
		B83329EB271DFD18006B70B7 /* ViewController.swift */ = {isa = PBXFileReference; lastKnownFileType = sourcecode.swift; path = ViewController.swift; sourceTree = "<group>"; };
		B83329F0271DFD19006B70B7 /* Assets.xcassets */ = {isa = PBXFileReference; lastKnownFileType = folder.assetcatalog; path = Assets.xcassets; sourceTree = "<group>"; };
		B83329F3271DFD19006B70B7 /* Base */ = {isa = PBXFileReference; lastKnownFileType = file.storyboard; name = Base; path = Base.lproj/LaunchScreen.storyboard; sourceTree = "<group>"; };
		B83329F5271DFD19006B70B7 /* Info.plist */ = {isa = PBXFileReference; lastKnownFileType = text.plist.xml; path = Info.plist; sourceTree = "<group>"; };
		B83329FB271DFD34006B70B7 /* Main.storyboard */ = {isa = PBXFileReference; fileEncoding = 4; lastKnownFileType = file.storyboard; path = Main.storyboard; sourceTree = "<group>"; };
		B83329FD271E036F006B70B7 /* Question.swift */ = {isa = PBXFileReference; lastKnownFileType = sourcecode.swift; path = Question.swift; sourceTree = "<group>"; };
		B83329FF271E0637006B70B7 /* QuestionBank.swift */ = {isa = PBXFileReference; lastKnownFileType = sourcecode.swift; path = QuestionBank.swift; sourceTree = "<group>"; };
		B8332A01271E7ECD006B70B7 /* MainViewController.swift */ = {isa = PBXFileReference; lastKnownFileType = sourcecode.swift; path = MainViewController.swift; sourceTree = "<group>"; };
		B8332A03271E8154006B70B7 /* GradientColor.swift */ = {isa = PBXFileReference; lastKnownFileType = sourcecode.swift; path = GradientColor.swift; sourceTree = "<group>"; };
		B8332A05271EAF51006B70B7 /* HeartsViewController.swift */ = {isa = PBXFileReference; lastKnownFileType = sourcecode.swift; path = HeartsViewController.swift; sourceTree = "<group>"; };
		B892F745271F6C9400E59FF4 /* AlertViewController.swift */ = {isa = PBXFileReference; lastKnownFileType = sourcecode.swift; path = AlertViewController.swift; sourceTree = "<group>"; };
		B8C8A281271FF6D300B80B03 /* Correct.mp3 */ = {isa = PBXFileReference; lastKnownFileType = audio.mp3; path = Correct.mp3; sourceTree = "<group>"; };
		B8C8A283271FF6D700B80B03 /* Incorrect.mp3 */ = {isa = PBXFileReference; lastKnownFileType = audio.mp3; path = Incorrect.mp3; sourceTree = "<group>"; };
		B8D35566271EBF6000568961 /* SideMenuViewController.swift */ = {isa = PBXFileReference; lastKnownFileType = sourcecode.swift; path = SideMenuViewController.swift; sourceTree = "<group>"; };
/* End PBXFileReference section */

/* Begin PBXFrameworksBuildPhase section */
		B83329E1271DFD18006B70B7 /* Frameworks */ = {
			isa = PBXFrameworksBuildPhase;
			buildActionMask = 2147483647;
			files = (
			);
			runOnlyForDeploymentPostprocessing = 0;
		};
/* End PBXFrameworksBuildPhase section */

/* Begin PBXGroup section */
		B83329DB271DFD18006B70B7 = {
			isa = PBXGroup;
			children = (
				B83329E6271DFD18006B70B7 /* TriviaStingChoice */,
				B83329E5271DFD18006B70B7 /* Products */,
			);
			sourceTree = "<group>";
		};
		B83329E5271DFD18006B70B7 /* Products */ = {
			isa = PBXGroup;
			children = (
				B83329E4271DFD18006B70B7 /* TriviaStingChoice.app */,
			);
			name = Products;
			sourceTree = "<group>";
		};
		B83329E6271DFD18006B70B7 /* TriviaStingChoice */ = {
			isa = PBXGroup;
			children = (
				B8C8A283271FF6D700B80B03 /* Incorrect.mp3 */,
				B8C8A281271FF6D300B80B03 /* Correct.mp3 */,
				B83329E7271DFD18006B70B7 /* AppDelegate.swift */,
				B83329E9271DFD18006B70B7 /* SceneDelegate.swift */,
				B83329EB271DFD18006B70B7 /* ViewController.swift */,
				B892F745271F6C9400E59FF4 /* AlertViewController.swift */,
				B83329FD271E036F006B70B7 /* Question.swift */,
				B83329FF271E0637006B70B7 /* QuestionBank.swift */,
				B83329FB271DFD34006B70B7 /* Main.storyboard */,
				B8D35566271EBF6000568961 /* SideMenuViewController.swift */,
				B8332A05271EAF51006B70B7 /* HeartsViewController.swift */,
				B8332A03271E8154006B70B7 /* GradientColor.swift */,
				B8332A01271E7ECD006B70B7 /* MainViewController.swift */,
				B83329F0271DFD19006B70B7 /* Assets.xcassets */,
				B83329F2271DFD19006B70B7 /* LaunchScreen.storyboard */,
				B83329F5271DFD19006B70B7 /* Info.plist */,
			);
			path = TriviaStingChoice;
			sourceTree = "<group>";
		};
/* End PBXGroup section */

/* Begin PBXNativeTarget section */
		B83329E3271DFD18006B70B7 /* TriviaStingChoice */ = {
			isa = PBXNativeTarget;
			buildConfigurationList = B83329F8271DFD19006B70B7 /* Build configuration list for PBXNativeTarget "TriviaStingChoice" */;
			buildPhases = (
				B83329E0271DFD18006B70B7 /* Sources */,
				B83329E1271DFD18006B70B7 /* Frameworks */,
				B83329E2271DFD18006B70B7 /* Resources */,
			);
			buildRules = (
			);
			dependencies = (
			);
			name = TriviaStingChoice;
			productName = TrivialStingChoice;
			productReference = B83329E4271DFD18006B70B7 /* TriviaStingChoice.app */;
			productType = "com.apple.product-type.application";
		};
/* End PBXNativeTarget section */

/* Begin PBXProject section */
		B83329DC271DFD18006B70B7 /* Project object */ = {
			isa = PBXProject;
			attributes = {
				LastSwiftUpdateCheck = 1250;
				LastUpgradeCheck = 1250;
				TargetAttributes = {
					B83329E3271DFD18006B70B7 = {
						CreatedOnToolsVersion = 12.5;
					};
				};
			};
			buildConfigurationList = B83329DF271DFD18006B70B7 /* Build configuration list for PBXProject "TriviaStingChoice" */;
			compatibilityVersion = "Xcode 9.3";
			developmentRegion = en;
			hasScannedForEncodings = 0;
			knownRegions = (
				en,
				Base,
			);
			mainGroup = B83329DB271DFD18006B70B7;
			productRefGroup = B83329E5271DFD18006B70B7 /* Products */;
			projectDirPath = "";
			projectRoot = "";
			targets = (
				B83329E3271DFD18006B70B7 /* TriviaStingChoice */,
			);
		};
/* End PBXProject section */

/* Begin PBXResourcesBuildPhase section */
		B83329E2271DFD18006B70B7 /* Resources */ = {
			isa = PBXResourcesBuildPhase;
			buildActionMask = 2147483647;
			files = (
				B83329FC271DFD34006B70B7 /* Main.storyboard in Resources */,
				B83329F4271DFD19006B70B7 /* LaunchScreen.storyboard in Resources */,
				B83329F1271DFD19006B70B7 /* Assets.xcassets in Resources */,
				B8C8A282271FF6D300B80B03 /* Correct.mp3 in Resources */,
				B8C8A284271FF6D800B80B03 /* Incorrect.mp3 in Resources */,
			);
			runOnlyForDeploymentPostprocessing = 0;
		};
/* End PBXResourcesBuildPhase section */

/* Begin PBXSourcesBuildPhase section */
		B83329E0271DFD18006B70B7 /* Sources */ = {
			isa = PBXSourcesBuildPhase;
			buildActionMask = 2147483647;
			files = (
				B83329EC271DFD18006B70B7 /* ViewController.swift in Sources */,
				B8332A04271E8154006B70B7 /* GradientColor.swift in Sources */,
				B83329FE271E036F006B70B7 /* Question.swift in Sources */,
				B892F746271F6C9400E59FF4 /* AlertViewController.swift in Sources */,
				B8332A06271EAF51006B70B7 /* HeartsViewController.swift in Sources */,
				B83329E8271DFD18006B70B7 /* AppDelegate.swift in Sources */,
				B8332A02271E7ECD006B70B7 /* MainViewController.swift in Sources */,
				B8332A00271E0637006B70B7 /* QuestionBank.swift in Sources */,
				B8D35567271EBF6000568961 /* SideMenuViewController.swift in Sources */,
				B83329EA271DFD18006B70B7 /* SceneDelegate.swift in Sources */,
			);
			runOnlyForDeploymentPostprocessing = 0;
		};
/* End PBXSourcesBuildPhase section */

/* Begin PBXVariantGroup section */
		B83329F2271DFD19006B70B7 /* LaunchScreen.storyboard */ = {
			isa = PBXVariantGroup;
			children = (
				B83329F3271DFD19006B70B7 /* Base */,
			);
			name = LaunchScreen.storyboard;
			sourceTree = "<group>";
		};
/* End PBXVariantGroup section */

/* Begin XCBuildConfiguration section */
		B83329F6271DFD19006B70B7 /* Debug */ = {
			isa = XCBuildConfiguration;
			buildSettings = {
				ALWAYS_SEARCH_USER_PATHS = NO;
				CLANG_ANALYZER_NONNULL = YES;
				CLANG_ANALYZER_NUMBER_OBJECT_CONVERSION = YES_AGGRESSIVE;
				CLANG_CXX_LANGUAGE_STANDARD = "gnu++14";
				CLANG_CXX_LIBRARY = "libc++";
				CLANG_ENABLE_MODULES = YES;
				CLANG_ENABLE_OBJC_ARC = YES;
				CLANG_ENABLE_OBJC_WEAK = YES;
				CLANG_WARN_BLOCK_CAPTURE_AUTORELEASING = YES;
				CLANG_WARN_BOOL_CONVERSION = YES;
				CLANG_WARN_COMMA = YES;
				CLANG_WARN_CONSTANT_CONVERSION = YES;
				CLANG_WARN_DEPRECATED_OBJC_IMPLEMENTATIONS = YES;
				CLANG_WARN_DIRECT_OBJC_ISA_USAGE = YES_ERROR;
				CLANG_WARN_DOCUMENTATION_COMMENTS = YES;
				CLANG_WARN_EMPTY_BODY = YES;
				CLANG_WARN_ENUM_CONVERSION = YES;
				CLANG_WARN_INFINITE_RECURSION = YES;
				CLANG_WARN_INT_CONVERSION = YES;
				CLANG_WARN_NON_LITERAL_NULL_CONVERSION = YES;
				CLANG_WARN_OBJC_IMPLICIT_RETAIN_SELF = YES;
				CLANG_WARN_OBJC_LITERAL_CONVERSION = YES;
				CLANG_WARN_OBJC_ROOT_CLASS = YES_ERROR;
				CLANG_WARN_QUOTED_INCLUDE_IN_FRAMEWORK_HEADER = YES;
				CLANG_WARN_RANGE_LOOP_ANALYSIS = YES;
				CLANG_WARN_STRICT_PROTOTYPES = YES;
				CLANG_WARN_SUSPICIOUS_MOVE = YES;
				CLANG_WARN_UNGUARDED_AVAILABILITY = YES_AGGRESSIVE;
				CLANG_WARN_UNREACHABLE_CODE = YES;
				CLANG_WARN__DUPLICATE_METHOD_MATCH = YES;
				COPY_PHASE_STRIP = NO;
				DEBUG_INFORMATION_FORMAT = dwarf;
				ENABLE_STRICT_OBJC_MSGSEND = YES;
				ENABLE_TESTABILITY = YES;
				GCC_C_LANGUAGE_STANDARD = gnu11;
				GCC_DYNAMIC_NO_PIC = NO;
				GCC_NO_COMMON_BLOCKS = YES;
				GCC_OPTIMIZATION_LEVEL = 0;
				GCC_PREPROCESSOR_DEFINITIONS = (
					"DEBUG=1",
					"$(inherited)",
				);
				GCC_WARN_64_TO_32_BIT_CONVERSION = YES;
				GCC_WARN_ABOUT_RETURN_TYPE = YES_ERROR;
				GCC_WARN_UNDECLARED_SELECTOR = YES;
				GCC_WARN_UNINITIALIZED_AUTOS = YES_AGGRESSIVE;
				GCC_WARN_UNUSED_FUNCTION = YES;
				GCC_WARN_UNUSED_VARIABLE = YES;
				IPHONEOS_DEPLOYMENT_TARGET = 14.5;
				MTL_ENABLE_DEBUG_INFO = INCLUDE_SOURCE;
				MTL_FAST_MATH = YES;
				ONLY_ACTIVE_ARCH = YES;
				SDKROOT = iphoneos;
				SWIFT_ACTIVE_COMPILATION_CONDITIONS = DEBUG;
				SWIFT_OPTIMIZATION_LEVEL = "-Onone";
			};
			name = Debug;
		};
		B83329F7271DFD19006B70B7 /* Release */ = {
			isa = XCBuildConfiguration;
			buildSettings = {
				ALWAYS_SEARCH_USER_PATHS = NO;
				CLANG_ANALYZER_NONNULL = YES;
				CLANG_ANALYZER_NUMBER_OBJECT_CONVERSION = YES_AGGRESSIVE;
				CLANG_CXX_LANGUAGE_STANDARD = "gnu++14";
				CLANG_CXX_LIBRARY = "libc++";
				CLANG_ENABLE_MODULES = YES;
				CLANG_ENABLE_OBJC_ARC = YES;
				CLANG_ENABLE_OBJC_WEAK = YES;
				CLANG_WARN_BLOCK_CAPTURE_AUTORELEASING = YES;
				CLANG_WARN_BOOL_CONVERSION = YES;
				CLANG_WARN_COMMA = YES;
				CLANG_WARN_CONSTANT_CONVERSION = YES;
				CLANG_WARN_DEPRECATED_OBJC_IMPLEMENTATIONS = YES;
				CLANG_WARN_DIRECT_OBJC_ISA_USAGE = YES_ERROR;
				CLANG_WARN_DOCUMENTATION_COMMENTS = YES;
				CLANG_WARN_EMPTY_BODY = YES;
				CLANG_WARN_ENUM_CONVERSION = YES;
				CLANG_WARN_INFINITE_RECURSION = YES;
				CLANG_WARN_INT_CONVERSION = YES;
				CLANG_WARN_NON_LITERAL_NULL_CONVERSION = YES;
				CLANG_WARN_OBJC_IMPLICIT_RETAIN_SELF = YES;
				CLANG_WARN_OBJC_LITERAL_CONVERSION = YES;
				CLANG_WARN_OBJC_ROOT_CLASS = YES_ERROR;
				CLANG_WARN_QUOTED_INCLUDE_IN_FRAMEWORK_HEADER = YES;
				CLANG_WARN_RANGE_LOOP_ANALYSIS = YES;
				CLANG_WARN_STRICT_PROTOTYPES = YES;
				CLANG_WARN_SUSPICIOUS_MOVE = YES;
				CLANG_WARN_UNGUARDED_AVAILABILITY = YES_AGGRESSIVE;
				CLANG_WARN_UNREACHABLE_CODE = YES;
				CLANG_WARN__DUPLICATE_METHOD_MATCH = YES;
				COPY_PHASE_STRIP = NO;
				DEBUG_INFORMATION_FORMAT = "dwarf-with-dsym";
				ENABLE_NS_ASSERTIONS = NO;
				ENABLE_STRICT_OBJC_MSGSEND = YES;
				GCC_C_LANGUAGE_STANDARD = gnu11;
				GCC_NO_COMMON_BLOCKS = YES;
				GCC_WARN_64_TO_32_BIT_CONVERSION = YES;
				GCC_WARN_ABOUT_RETURN_TYPE = YES_ERROR;
				GCC_WARN_UNDECLARED_SELECTOR = YES;
				GCC_WARN_UNINITIALIZED_AUTOS = YES_AGGRESSIVE;
				GCC_WARN_UNUSED_FUNCTION = YES;
				GCC_WARN_UNUSED_VARIABLE = YES;
				IPHONEOS_DEPLOYMENT_TARGET = 14.5;
				MTL_ENABLE_DEBUG_INFO = NO;
				MTL_FAST_MATH = YES;
				SDKROOT = iphoneos;
				SWIFT_COMPILATION_MODE = wholemodule;
				SWIFT_OPTIMIZATION_LEVEL = "-O";
				VALIDATE_PRODUCT = YES;
			};
			name = Release;
		};
		B83329F9271DFD19006B70B7 /* Debug */ = {
			isa = XCBuildConfiguration;
			buildSettings = {
				ASSETCATALOG_COMPILER_APPICON_NAME = AppIcon;
				ASSETCATALOG_COMPILER_GLOBAL_ACCENT_COLOR_NAME = AccentColor;
				CODE_SIGN_STYLE = Automatic;
				DEVELOPMENT_TEAM = 2S4RNW7XKH;
				INFOPLIST_FILE = TriviaStingChoice/Info.plist;
				IPHONEOS_DEPLOYMENT_TARGET = 13.0;
				LD_RUNPATH_SEARCH_PATHS = (
					"$(inherited)",
					"@executable_path/Frameworks",
				);
				PRODUCT_BUNDLE_IDENTIFIER = biz.tweaky.TriviaStingChoice;
				PRODUCT_NAME = "$(TARGET_NAME)";
				SWIFT_VERSION = 5.0;
				TARGETED_DEVICE_FAMILY = "1,2";
			};
			name = Debug;
		};
		B83329FA271DFD19006B70B7 /* Release */ = {
			isa = XCBuildConfiguration;
			buildSettings = {
				ASSETCATALOG_COMPILER_APPICON_NAME = AppIcon;
				ASSETCATALOG_COMPILER_GLOBAL_ACCENT_COLOR_NAME = AccentColor;
				CODE_SIGN_STYLE = Automatic;
				DEVELOPMENT_TEAM = 2S4RNW7XKH;
				INFOPLIST_FILE = TriviaStingChoice/Info.plist;
				IPHONEOS_DEPLOYMENT_TARGET = 13.0;
				LD_RUNPATH_SEARCH_PATHS = (
					"$(inherited)",
					"@executable_path/Frameworks",
				);
				PRODUCT_BUNDLE_IDENTIFIER = biz.tweaky.TriviaStingChoice;
				PRODUCT_NAME = "$(TARGET_NAME)";
				SWIFT_VERSION = 5.0;
				TARGETED_DEVICE_FAMILY = "1,2";
			};
			name = Release;
		};
/* End XCBuildConfiguration section */

/* Begin XCConfigurationList section */
		B83329DF271DFD18006B70B7 /* Build configuration list for PBXProject "TriviaStingChoice" */ = {
			isa = XCConfigurationList;
			buildConfigurations = (
				B83329F6271DFD19006B70B7 /* Debug */,
				B83329F7271DFD19006B70B7 /* Release */,
			);
			defaultConfigurationIsVisible = 0;
			defaultConfigurationName = Release;
		};
		B83329F8271DFD19006B70B7 /* Build configuration list for PBXNativeTarget "TriviaStingChoice" */ = {
			isa = XCConfigurationList;
			buildConfigurations = (
				B83329F9271DFD19006B70B7 /* Debug */,
				B83329FA271DFD19006B70B7 /* Release */,
			);
			defaultConfigurationIsVisible = 0;
			defaultConfigurationName = Release;
		};
/* End XCConfigurationList section */
	};
	rootObject = B83329DC271DFD18006B70B7 /* Project object */;
}
