// !$*UTF8*$!
{
	archiveVersion = 1;
	classes = {
	};
	objectVersion = 54;
	objects = {

/* Begin PBXBuildFile section */
		27CE89D3271D823E0097492A /* AppDelegate.swift in Sources */ = {isa = PBXBuildFile; fileRef = 27CE89D2271D823E0097492A /* AppDelegate.swift */; };
		27CE89D5271D823E0097492A /* SceneDelegate.swift in Sources */ = {isa = PBXBuildFile; fileRef = 27CE89D4271D823E0097492A /* SceneDelegate.swift */; };
		27CE89D7271D823E0097492A /* ViewController.swift in Sources */ = {isa = PBXBuildFile; fileRef = 27CE89D6271D823E0097492A /* ViewController.swift */; };
		27CE89DA271D823E0097492A /* Main.storyboard in Resources */ = {isa = PBXBuildFile; fileRef = 27CE89D8271D823E0097492A /* Main.storyboard */; };
		27CE89DC271D823E0097492A /* Assets.xcassets in Resources */ = {isa = PBXBuildFile; fileRef = 27CE89DB271D823E0097492A /* Assets.xcassets */; };
		27CE89DF271D823E0097492A /* LaunchScreen.storyboard in Resources */ = {isa = PBXBuildFile; fileRef = 27CE89DD271D823E0097492A /* LaunchScreen.storyboard */; };
		27CE89E7271E03750097492A /* Question.swift in Sources */ = {isa = PBXBuildFile; fileRef = 27CE89E6271E03750097492A /* Question.swift */; };
		27CE89E9271E06E90097492A /* QuestionBank.swift in Sources */ = {isa = PBXBuildFile; fileRef = 27CE89E8271E06E90097492A /* QuestionBank.swift */; };
/* End PBXBuildFile section */

/* Begin PBXFileReference section */
		27CE89CF271D823E0097492A /* TrivailSingleChoice.app */ = {isa = PBXFileReference; explicitFileType = wrapper.application; includeInIndex = 0; path = TrivailSingleChoice.app; sourceTree = BUILT_PRODUCTS_DIR; };
		27CE89D2271D823E0097492A /* AppDelegate.swift */ = {isa = PBXFileReference; lastKnownFileType = sourcecode.swift; path = AppDelegate.swift; sourceTree = "<group>"; };
		27CE89D4271D823E0097492A /* SceneDelegate.swift */ = {isa = PBXFileReference; lastKnownFileType = sourcecode.swift; path = SceneDelegate.swift; sourceTree = "<group>"; };
		27CE89D6271D823E0097492A /* ViewController.swift */ = {isa = PBXFileReference; lastKnownFileType = sourcecode.swift; path = ViewController.swift; sourceTree = "<group>"; };
		27CE89D9271D823E0097492A /* Base */ = {isa = PBXFileReference; lastKnownFileType = file.storyboard; name = Base; path = Base.lproj/Main.storyboard; sourceTree = "<group>"; };
		27CE89DB271D823E0097492A /* Assets.xcassets */ = {isa = PBXFileReference; lastKnownFileType = folder.assetcatalog; path = Assets.xcassets; sourceTree = "<group>"; };
		27CE89DE271D823E0097492A /* Base */ = {isa = PBXFileReference; lastKnownFileType = file.storyboard; name = Base; path = Base.lproj/LaunchScreen.storyboard; sourceTree = "<group>"; };
		27CE89E0271D823E0097492A /* Info.plist */ = {isa = PBXFileReference; lastKnownFileType = text.plist.xml; path = Info.plist; sourceTree = "<group>"; };
		27CE89E6271E03750097492A /* Question.swift */ = {isa = PBXFileReference; lastKnownFileType = sourcecode.swift; path = Question.swift; sourceTree = "<group>"; };
		27CE89E8271E06E90097492A /* QuestionBank.swift */ = {isa = PBXFileReference; lastKnownFileType = sourcecode.swift; path = QuestionBank.swift; sourceTree = "<group>"; };
/* End PBXFileReference section */

/* Begin PBXFrameworksBuildPhase section */
		27CE89CC271D823E0097492A /* Frameworks */ = {
			isa = PBXFrameworksBuildPhase;
			buildActionMask = 2147483647;
			files = (
			);
			runOnlyForDeploymentPostprocessing = 0;
		};
/* End PBXFrameworksBuildPhase section */

/* Begin PBXGroup section */
		27CE89C6271D823E0097492A = {
			isa = PBXGroup;
			children = (
				27CE89D1271D823E0097492A /* TrivailSingleChoice */,
				27CE89D0271D823E0097492A /* Products */,
			);
			sourceTree = "<group>";
		};
		27CE89D0271D823E0097492A /* Products */ = {
			isa = PBXGroup;
			children = (
				27CE89CF271D823E0097492A /* TrivailSingleChoice.app */,
			);
			name = Products;
			sourceTree = "<group>";
		};
		27CE89D1271D823E0097492A /* TrivailSingleChoice */ = {
			isa = PBXGroup;
			children = (
				27E356B2271EFE3C009DCDBC /* Model */,
				27CE89D2271D823E0097492A /* AppDelegate.swift */,
				27CE89D4271D823E0097492A /* SceneDelegate.swift */,
				27CE89D6271D823E0097492A /* ViewController.swift */,
				27CE89D8271D823E0097492A /* Main.storyboard */,
				27CE89DB271D823E0097492A /* Assets.xcassets */,
				27CE89DD271D823E0097492A /* LaunchScreen.storyboard */,
				27CE89E0271D823E0097492A /* Info.plist */,
			);
			path = TrivailSingleChoice;
			sourceTree = "<group>";
		};
		27E356B2271EFE3C009DCDBC /* Model */ = {
			isa = PBXGroup;
			children = (
				27CE89E6271E03750097492A /* Question.swift */,
				27CE89E8271E06E90097492A /* QuestionBank.swift */,
			);
			path = Model;
			sourceTree = "<group>";
		};
/* End PBXGroup section */

/* Begin PBXNativeTarget section */
		27CE89CE271D823E0097492A /* TrivailSingleChoice */ = {
			isa = PBXNativeTarget;
			buildConfigurationList = 27CE89E3271D823E0097492A /* Build configuration list for PBXNativeTarget "TrivailSingleChoice" */;
			buildPhases = (
				27CE89CB271D823E0097492A /* Sources */,
				27CE89CC271D823E0097492A /* Frameworks */,
				27CE89CD271D823E0097492A /* Resources */,
			);
			buildRules = (
			);
			dependencies = (
			);
			name = TrivailSingleChoice;
			productName = TrivailSingleChoice;
			productReference = 27CE89CF271D823E0097492A /* TrivailSingleChoice.app */;
			productType = "com.apple.product-type.application";
		};
/* End PBXNativeTarget section */

/* Begin PBXProject section */
		27CE89C7271D823E0097492A /* Project object */ = {
			isa = PBXProject;
			attributes = {
				LastSwiftUpdateCheck = 1250;
				LastUpgradeCheck = 1250;
				TargetAttributes = {
					27CE89CE271D823E0097492A = {
						CreatedOnToolsVersion = 12.5;
					};
				};
			};
			buildConfigurationList = 27CE89CA271D823E0097492A /* Build configuration list for PBXProject "TrivailSingleChoice" */;
			compatibilityVersion = "Xcode 12.0";
			developmentRegion = en;
			hasScannedForEncodings = 0;
			knownRegions = (
				en,
				Base,
			);
			mainGroup = 27CE89C6271D823E0097492A;
			productRefGroup = 27CE89D0271D823E0097492A /* Products */;
			projectDirPath = "";
			projectRoot = "";
			targets = (
				27CE89CE271D823E0097492A /* TrivailSingleChoice */,
			);
		};
/* End PBXProject section */

/* Begin PBXResourcesBuildPhase section */
		27CE89CD271D823E0097492A /* Resources */ = {
			isa = PBXResourcesBuildPhase;
			buildActionMask = 2147483647;
			files = (
				27CE89DF271D823E0097492A /* LaunchScreen.storyboard in Resources */,
				27CE89DC271D823E0097492A /* Assets.xcassets in Resources */,
				27CE89DA271D823E0097492A /* Main.storyboard in Resources */,
			);
			runOnlyForDeploymentPostprocessing = 0;
		};
/* End PBXResourcesBuildPhase section */

/* Begin PBXSourcesBuildPhase section */
		27CE89CB271D823E0097492A /* Sources */ = {
			isa = PBXSourcesBuildPhase;
			buildActionMask = 2147483647;
			files = (
				27CE89D7271D823E0097492A /* ViewController.swift in Sources */,
				27CE89E7271E03750097492A /* Question.swift in Sources */,
				27CE89D3271D823E0097492A /* AppDelegate.swift in Sources */,
				27CE89E9271E06E90097492A /* QuestionBank.swift in Sources */,
				27CE89D5271D823E0097492A /* SceneDelegate.swift in Sources */,
			);
			runOnlyForDeploymentPostprocessing = 0;
		};
/* End PBXSourcesBuildPhase section */

/* Begin PBXVariantGroup section */
		27CE89D8271D823E0097492A /* Main.storyboard */ = {
			isa = PBXVariantGroup;
			children = (
				27CE89D9271D823E0097492A /* Base */,
			);
			name = Main.storyboard;
			sourceTree = "<group>";
		};
		27CE89DD271D823E0097492A /* LaunchScreen.storyboard */ = {
			isa = PBXVariantGroup;
			children = (
				27CE89DE271D823E0097492A /* Base */,
			);
			name = LaunchScreen.storyboard;
			sourceTree = "<group>";
		};
/* End PBXVariantGroup section */

/* Begin XCBuildConfiguration section */
		27CE89E1271D823E0097492A /* Debug */ = {
			isa = XCBuildConfiguration;
			buildSettings = {
				ALWAYS_SEARCH_USER_PATHS = NO;
				CLANG_ANALYZER_NONNULL = YES;
				CLANG_ANALYZER_NUMBER_OBJECT_CONVERSION = YES_AGGRESSIVE;
				CLANG_CXX_LANGUAGE_STANDARD = "gnu++14";
				CLANG_CXX_LIBRARY = "libc++";
				CLANG_ENABLE_MODULES = YES;
				CLANG_ENABLE_OBJC_ARC = YES;
				CLANG_ENABLE_OBJC_WEAK = YES;
				CLANG_WARN_BLOCK_CAPTURE_AUTORELEASING = YES;
				CLANG_WARN_BOOL_CONVERSION = YES;
				CLANG_WARN_COMMA = YES;
				CLANG_WARN_CONSTANT_CONVERSION = YES;
				CLANG_WARN_DEPRECATED_OBJC_IMPLEMENTATIONS = YES;
				CLANG_WARN_DIRECT_OBJC_ISA_USAGE = YES_ERROR;
				CLANG_WARN_DOCUMENTATION_COMMENTS = YES;
				CLANG_WARN_EMPTY_BODY = YES;
				CLANG_WARN_ENUM_CONVERSION = YES;
				CLANG_WARN_INFINITE_RECURSION = YES;
				CLANG_WARN_INT_CONVERSION = YES;
				CLANG_WARN_NON_LITERAL_NULL_CONVERSION = YES;
				CLANG_WARN_OBJC_IMPLICIT_RETAIN_SELF = YES;
				CLANG_WARN_OBJC_LITERAL_CONVERSION = YES;
				CLANG_WARN_OBJC_ROOT_CLASS = YES_ERROR;
				CLANG_WARN_QUOTED_INCLUDE_IN_FRAMEWORK_HEADER = YES;
				CLANG_WARN_RANGE_LOOP_ANALYSIS = YES;
				CLANG_WARN_STRICT_PROTOTYPES = YES;
				CLANG_WARN_SUSPICIOUS_MOVE = YES;
				CLANG_WARN_UNGUARDED_AVAILABILITY = YES_AGGRESSIVE;
				CLANG_WARN_UNREACHABLE_CODE = YES;
				CLANG_WARN__DUPLICATE_METHOD_MATCH = YES;
				COPY_PHASE_STRIP = NO;
				DEBUG_INFORMATION_FORMAT = dwarf;
				ENABLE_STRICT_OBJC_MSGSEND = YES;
				ENABLE_TESTABILITY = YES;
				GCC_C_LANGUAGE_STANDARD = gnu11;
				GCC_DYNAMIC_NO_PIC = NO;
				GCC_NO_COMMON_BLOCKS = YES;
				GCC_OPTIMIZATION_LEVEL = 0;
				GCC_PREPROCESSOR_DEFINITIONS = (
					"DEBUG=1",
					"$(inherited)",
				);
				GCC_WARN_64_TO_32_BIT_CONVERSION = YES;
				GCC_WARN_ABOUT_RETURN_TYPE = YES_ERROR;
				GCC_WARN_UNDECLARED_SELECTOR = YES;
				GCC_WARN_UNINITIALIZED_AUTOS = YES_AGGRESSIVE;
				GCC_WARN_UNUSED_FUNCTION = YES;
				GCC_WARN_UNUSED_VARIABLE = YES;
				IPHONEOS_DEPLOYMENT_TARGET = 14.5;
				MTL_ENABLE_DEBUG_INFO = INCLUDE_SOURCE;
				MTL_FAST_MATH = YES;
				ONLY_ACTIVE_ARCH = YES;
				SDKROOT = iphoneos;
				SWIFT_ACTIVE_COMPILATION_CONDITIONS = DEBUG;
				SWIFT_OPTIMIZATION_LEVEL = "-Onone";
			};
			name = Debug;
		};
		27CE89E2271D823E0097492A /* Release */ = {
			isa = XCBuildConfiguration;
			buildSettings = {
				ALWAYS_SEARCH_USER_PATHS = NO;
				CLANG_ANALYZER_NONNULL = YES;
				CLANG_ANALYZER_NUMBER_OBJECT_CONVERSION = YES_AGGRESSIVE;
				CLANG_CXX_LANGUAGE_STANDARD = "gnu++14";
				CLANG_CXX_LIBRARY = "libc++";
				CLANG_ENABLE_MODULES = YES;
				CLANG_ENABLE_OBJC_ARC = YES;
				CLANG_ENABLE_OBJC_WEAK = YES;
				CLANG_WARN_BLOCK_CAPTURE_AUTORELEASING = YES;
				CLANG_WARN_BOOL_CONVERSION = YES;
				CLANG_WARN_COMMA = YES;
				CLANG_WARN_CONSTANT_CONVERSION = YES;
				CLANG_WARN_DEPRECATED_OBJC_IMPLEMENTATIONS = YES;
				CLANG_WARN_DIRECT_OBJC_ISA_USAGE = YES_ERROR;
				CLANG_WARN_DOCUMENTATION_COMMENTS = YES;
				CLANG_WARN_EMPTY_BODY = YES;
				CLANG_WARN_ENUM_CONVERSION = YES;
				CLANG_WARN_INFINITE_RECURSION = YES;
				CLANG_WARN_INT_CONVERSION = YES;
				CLANG_WARN_NON_LITERAL_NULL_CONVERSION = YES;
				CLANG_WARN_OBJC_IMPLICIT_RETAIN_SELF = YES;
				CLANG_WARN_OBJC_LITERAL_CONVERSION = YES;
				CLANG_WARN_OBJC_ROOT_CLASS = YES_ERROR;
				CLANG_WARN_QUOTED_INCLUDE_IN_FRAMEWORK_HEADER = YES;
				CLANG_WARN_RANGE_LOOP_ANALYSIS = YES;
				CLANG_WARN_STRICT_PROTOTYPES = YES;
				CLANG_WARN_SUSPICIOUS_MOVE = YES;
				CLANG_WARN_UNGUARDED_AVAILABILITY = YES_AGGRESSIVE;
				CLANG_WARN_UNREACHABLE_CODE = YES;
				CLANG_WARN__DUPLICATE_METHOD_MATCH = YES;
				COPY_PHASE_STRIP = NO;
				DEBUG_INFORMATION_FORMAT = "dwarf-with-dsym";
				ENABLE_NS_ASSERTIONS = NO;
				ENABLE_STRICT_OBJC_MSGSEND = YES;
				GCC_C_LANGUAGE_STANDARD = gnu11;
				GCC_NO_COMMON_BLOCKS = YES;
				GCC_WARN_64_TO_32_BIT_CONVERSION = YES;
				GCC_WARN_ABOUT_RETURN_TYPE = YES_ERROR;
				GCC_WARN_UNDECLARED_SELECTOR = YES;
				GCC_WARN_UNINITIALIZED_AUTOS = YES_AGGRESSIVE;
				GCC_WARN_UNUSED_FUNCTION = YES;
				GCC_WARN_UNUSED_VARIABLE = YES;
				IPHONEOS_DEPLOYMENT_TARGET = 14.5;
				MTL_ENABLE_DEBUG_INFO = NO;
				MTL_FAST_MATH = YES;
				SDKROOT = iphoneos;
				SWIFT_COMPILATION_MODE = wholemodule;
				SWIFT_OPTIMIZATION_LEVEL = "-O";
				VALIDATE_PRODUCT = YES;
			};
			name = Release;
		};
		27CE89E4271D823E0097492A /* Debug */ = {
			isa = XCBuildConfiguration;
			buildSettings = {
				ASSETCATALOG_COMPILER_APPICON_NAME = AppIcon;
				ASSETCATALOG_COMPILER_GLOBAL_ACCENT_COLOR_NAME = AccentColor;
				CODE_SIGN_STYLE = Automatic;
				DEVELOPMENT_TEAM = 6AGFQ96A5N;
				INFOPLIST_FILE = TrivailSingleChoice/Info.plist;
				LD_RUNPATH_SEARCH_PATHS = (
					"$(inherited)",
					"@executable_path/Frameworks",
				);
				PRODUCT_BUNDLE_IDENTIFIER = com.mohammed.TrivailSingleChoice;
				PRODUCT_NAME = "$(TARGET_NAME)";
				SWIFT_VERSION = 5.0;
				TARGETED_DEVICE_FAMILY = "1,2";
			};
			name = Debug;
		};
		27CE89E5271D823E0097492A /* Release */ = {
			isa = XCBuildConfiguration;
			buildSettings = {
				ASSETCATALOG_COMPILER_APPICON_NAME = AppIcon;
				ASSETCATALOG_COMPILER_GLOBAL_ACCENT_COLOR_NAME = AccentColor;
				CODE_SIGN_STYLE = Automatic;
				DEVELOPMENT_TEAM = 6AGFQ96A5N;
				INFOPLIST_FILE = TrivailSingleChoice/Info.plist;
				LD_RUNPATH_SEARCH_PATHS = (
					"$(inherited)",
					"@executable_path/Frameworks",
				);
				PRODUCT_BUNDLE_IDENTIFIER = com.mohammed.TrivailSingleChoice;
				PRODUCT_NAME = "$(TARGET_NAME)";
				SWIFT_VERSION = 5.0;
				TARGETED_DEVICE_FAMILY = "1,2";
			};
			name = Release;
		};
/* End XCBuildConfiguration section */

/* Begin XCConfigurationList section */
		27CE89CA271D823E0097492A /* Build configuration list for PBXProject "TrivailSingleChoice" */ = {
			isa = XCConfigurationList;
			buildConfigurations = (
				27CE89E1271D823E0097492A /* Debug */,
				27CE89E2271D823E0097492A /* Release */,
			);
			defaultConfigurationIsVisible = 0;
			defaultConfigurationName = Release;
		};
		27CE89E3271D823E0097492A /* Build configuration list for PBXNativeTarget "TrivailSingleChoice" */ = {
			isa = XCConfigurationList;
			buildConfigurations = (
				27CE89E4271D823E0097492A /* Debug */,
				27CE89E5271D823E0097492A /* Release */,
			);
			defaultConfigurationIsVisible = 0;
			defaultConfigurationName = Release;
		};
/* End XCConfigurationList section */
	};
	rootObject = 27CE89C7271D823E0097492A /* Project object */;
}
